{
  "name": "morsecode-consoleapp",
  "version": "1.0.0",
  "lockfileVersion": 1,
  "requires": true,
  "dependencies": {
    "morse-code-lib": {
      "version": "1.0.0",
      "resolved": "https://registry.npmjs.org/morse-code-lib/-/morse-code-lib-1.0.0.tgz",
      "integrity": "sha512-8MfIi8Ifw91uD8pXYC1CTuRhFtgcJwz12os795kocPQfxYvtrnhW08WEC0EwbQbCibR2YC+1+/WpicxdZEz5BA=="
    }
  }
}
